
Microsoft Visual Studio Solution File, Format Version 12.00
# Visual Studio Version 17
VisualStudioVersion = 17.2.32616.157
MinimumVisualStudioVersion = 10.0.40219.1
Project("{FAE04EC0-301F-11D3-BF4B-00C04F79EFBC}") = "While", "InstrucoesRepeticao\While.csproj", "{BAF5427F-87BE-4F60-8326-15AFC171F0AF}"
EndProject
Project("{FAE04EC0-301F-11D3-BF4B-00C04F79EFBC}") = "Questao01", "Questao01\Questao01.csproj", "{A79E3B06-BA0D-4E8D-9C81-E389B4A03BA0}"
EndProject
Project("{FAE04EC0-301F-11D3-BF4B-00C04F79EFBC}") = "Questao02", "Questao02\Questao02.csproj", "{4F0DB294-5214-4E96-B68C-BBF13C74E441}"
EndProject
Project("{FAE04EC0-301F-11D3-BF4B-00C04F79EFBC}") = "ForQuestao1", "ForQuestao1\ForQuestao1.csproj", "{416C619A-8009-4837-BFDF-9C0C05B537CA}"
EndProject
Project("{FAE04EC0-301F-11D3-BF4B-00C04F79EFBC}") = "ForQuestao2", "ForQuestao2\ForQuestao2.csproj", "{31D75A1B-4980-46D4-BA60-8F8608A0E2DD}"
EndProject
Project("{FAE04EC0-301F-11D3-BF4B-00C04F79EFBC}") = "DesafioRPG", "DesafioRPG\DesafioRPG.csproj", "{A18A0E16-B393-4482-863D-C6D0666769B0}"
EndProject
Project("{FAE04EC0-301F-11D3-BF4B-00C04F79EFBC}") = "Questao03", "Questao03\Questao03.csproj", "{B6862E15-B0D8-4E4E-9162-CD740FBE5F00}"
EndProject
Project("{FAE04EC0-301F-11D3-BF4B-00C04F79EFBC}") = "ForQuestao05", "Questao05\ForQuestao05.csproj", "{24A03B7A-2449-4FF7-A8B5-78CACB2EF3AD}"
EndProject
Project("{FAE04EC0-301F-11D3-BF4B-00C04F79EFBC}") = "ForQuestao06", "ForQuestao06\ForQuestao06.csproj", "{82255819-4DF8-45E7-B883-1D7F43902684}"
EndProject
Global
	GlobalSection(SolutionConfigurationPlatforms) = preSolution
		Debug|Any CPU = Debug|Any CPU
		Release|Any CPU = Release|Any CPU
	EndGlobalSection
	GlobalSection(ProjectConfigurationPlatforms) = postSolution
		{BAF5427F-87BE-4F60-8326-15AFC171F0AF}.Debug|Any CPU.ActiveCfg = Debug|Any CPU
		{BAF5427F-87BE-4F60-8326-15AFC171F0AF}.Debug|Any CPU.Build.0 = Debug|Any CPU
		{BAF5427F-87BE-4F60-8326-15AFC171F0AF}.Release|Any CPU.ActiveCfg = Release|Any CPU
		{BAF5427F-87BE-4F60-8326-15AFC171F0AF}.Release|Any CPU.Build.0 = Release|Any CPU
		{A79E3B06-BA0D-4E8D-9C81-E389B4A03BA0}.Debug|Any CPU.ActiveCfg = Debug|Any CPU
		{A79E3B06-BA0D-4E8D-9C81-E389B4A03BA0}.Debug|Any CPU.Build.0 = Debug|Any CPU
		{A79E3B06-BA0D-4E8D-9C81-E389B4A03BA0}.Release|Any CPU.ActiveCfg = Release|Any CPU
		{A79E3B06-BA0D-4E8D-9C81-E389B4A03BA0}.Release|Any CPU.Build.0 = Release|Any CPU
		{4F0DB294-5214-4E96-B68C-BBF13C74E441}.Debug|Any CPU.ActiveCfg = Debug|Any CPU
		{4F0DB294-5214-4E96-B68C-BBF13C74E441}.Debug|Any CPU.Build.0 = Debug|Any CPU
		{4F0DB294-5214-4E96-B68C-BBF13C74E441}.Release|Any CPU.ActiveCfg = Release|Any CPU
		{4F0DB294-5214-4E96-B68C-BBF13C74E441}.Release|Any CPU.Build.0 = Release|Any CPU
		{416C619A-8009-4837-BFDF-9C0C05B537CA}.Debug|Any CPU.ActiveCfg = Debug|Any CPU
		{416C619A-8009-4837-BFDF-9C0C05B537CA}.Debug|Any CPU.Build.0 = Debug|Any CPU
		{416C619A-8009-4837-BFDF-9C0C05B537CA}.Release|Any CPU.ActiveCfg = Release|Any CPU
		{416C619A-8009-4837-BFDF-9C0C05B537CA}.Release|Any CPU.Build.0 = Release|Any CPU
		{31D75A1B-4980-46D4-BA60-8F8608A0E2DD}.Debug|Any CPU.ActiveCfg = Debug|Any CPU
		{31D75A1B-4980-46D4-BA60-8F8608A0E2DD}.Debug|Any CPU.Build.0 = Debug|Any CPU
		{31D75A1B-4980-46D4-BA60-8F8608A0E2DD}.Release|Any CPU.ActiveCfg = Release|Any CPU
		{31D75A1B-4980-46D4-BA60-8F8608A0E2DD}.Release|Any CPU.Build.0 = Release|Any CPU
		{A18A0E16-B393-4482-863D-C6D0666769B0}.Debug|Any CPU.ActiveCfg = Debug|Any CPU
		{A18A0E16-B393-4482-863D-C6D0666769B0}.Debug|Any CPU.Build.0 = Debug|Any CPU
		{A18A0E16-B393-4482-863D-C6D0666769B0}.Release|Any CPU.ActiveCfg = Release|Any CPU
		{A18A0E16-B393-4482-863D-C6D0666769B0}.Release|Any CPU.Build.0 = Release|Any CPU
		{B6862E15-B0D8-4E4E-9162-CD740FBE5F00}.Debug|Any CPU.ActiveCfg = Debug|Any CPU
		{B6862E15-B0D8-4E4E-9162-CD740FBE5F00}.Debug|Any CPU.Build.0 = Debug|Any CPU
		{B6862E15-B0D8-4E4E-9162-CD740FBE5F00}.Release|Any CPU.ActiveCfg = Release|Any CPU
		{B6862E15-B0D8-4E4E-9162-CD740FBE5F00}.Release|Any CPU.Build.0 = Release|Any CPU
		{24A03B7A-2449-4FF7-A8B5-78CACB2EF3AD}.Debug|Any CPU.ActiveCfg = Debug|Any CPU
		{24A03B7A-2449-4FF7-A8B5-78CACB2EF3AD}.Debug|Any CPU.Build.0 = Debug|Any CPU
		{24A03B7A-2449-4FF7-A8B5-78CACB2EF3AD}.Release|Any CPU.ActiveCfg = Release|Any CPU
		{24A03B7A-2449-4FF7-A8B5-78CACB2EF3AD}.Release|Any CPU.Build.0 = Release|Any CPU
		{82255819-4DF8-45E7-B883-1D7F43902684}.Debug|Any CPU.ActiveCfg = Debug|Any CPU
		{82255819-4DF8-45E7-B883-1D7F43902684}.Debug|Any CPU.Build.0 = Debug|Any CPU
		{82255819-4DF8-45E7-B883-1D7F43902684}.Release|Any CPU.ActiveCfg = Release|Any CPU
		{82255819-4DF8-45E7-B883-1D7F43902684}.Release|Any CPU.Build.0 = Release|Any CPU
	EndGlobalSection
	GlobalSection(SolutionProperties) = preSolution
		HideSolutionNode = FALSE
	EndGlobalSection
	GlobalSection(ExtensibilityGlobals) = postSolution
		SolutionGuid = {ABF9968C-9B6D-4652-BBB3-4CFECC3E5E18}
	EndGlobalSection
EndGlobal
