
Microsoft Visual Studio Solution File, Format Version 12.00
# Visual Studio Version 17
VisualStudioVersion = 17.2.32616.157
MinimumVisualStudioVersion = 10.0.40219.1
Project("{FAE04EC0-301F-11D3-BF4B-00C04F79EFBC}") = "AumentoSalario", "Atividade04\AumentoSalario.csproj", "{C7CB05C8-7429-470B-8352-93EFB9BEEBA9}"
EndProject
Project("{FAE04EC0-301F-11D3-BF4B-00C04F79EFBC}") = "CalculaNota", "CalculaNota\CalculaNota.csproj", "{05C3DFFF-1CCE-45F8-B087-6B2DA4EB223B}"
EndProject
Global
	GlobalSection(SolutionConfigurationPlatforms) = preSolution
		Debug|Any CPU = Debug|Any CPU
		Release|Any CPU = Release|Any CPU
	EndGlobalSection
	GlobalSection(ProjectConfigurationPlatforms) = postSolution
		{C7CB05C8-7429-470B-8352-93EFB9BEEBA9}.Debug|Any CPU.ActiveCfg = Debug|Any CPU
		{C7CB05C8-7429-470B-8352-93EFB9BEEBA9}.Debug|Any CPU.Build.0 = Debug|Any CPU
		{C7CB05C8-7429-470B-8352-93EFB9BEEBA9}.Release|Any CPU.ActiveCfg = Release|Any CPU
		{C7CB05C8-7429-470B-8352-93EFB9BEEBA9}.Release|Any CPU.Build.0 = Release|Any CPU
		{05C3DFFF-1CCE-45F8-B087-6B2DA4EB223B}.Debug|Any CPU.ActiveCfg = Debug|Any CPU
		{05C3DFFF-1CCE-45F8-B087-6B2DA4EB223B}.Debug|Any CPU.Build.0 = Debug|Any CPU
		{05C3DFFF-1CCE-45F8-B087-6B2DA4EB223B}.Release|Any CPU.ActiveCfg = Release|Any CPU
		{05C3DFFF-1CCE-45F8-B087-6B2DA4EB223B}.Release|Any CPU.Build.0 = Release|Any CPU
	EndGlobalSection
	GlobalSection(SolutionProperties) = preSolution
		HideSolutionNode = FALSE
	EndGlobalSection
	GlobalSection(ExtensibilityGlobals) = postSolution
		SolutionGuid = {6FB32704-078F-41F8-9B4E-D52815B35B05}
	EndGlobalSection
EndGlobal
