
Microsoft Visual Studio Solution File, Format Version 12.00
# Visual Studio Version 17
VisualStudioVersion = 17.2.32616.157
MinimumVisualStudioVersion = 10.0.40219.1
Project("{FAE04EC0-301F-11D3-BF4B-00C04F79EFBC}") = "ProjetoTeste", "Projeto Teste\ProjetoTeste.csproj", "{15FA9E7A-1CA4-4FEB-83BE-F788D345BA89}"
EndProject
Global
	GlobalSection(SolutionConfigurationPlatforms) = preSolution
		Debug|Any CPU = Debug|Any CPU
		Release|Any CPU = Release|Any CPU
	EndGlobalSection
	GlobalSection(ProjectConfigurationPlatforms) = postSolution
		{15FA9E7A-1CA4-4FEB-83BE-F788D345BA89}.Debug|Any CPU.ActiveCfg = Debug|Any CPU
		{15FA9E7A-1CA4-4FEB-83BE-F788D345BA89}.Debug|Any CPU.Build.0 = Debug|Any CPU
		{15FA9E7A-1CA4-4FEB-83BE-F788D345BA89}.Release|Any CPU.ActiveCfg = Release|Any CPU
		{15FA9E7A-1CA4-4FEB-83BE-F788D345BA89}.Release|Any CPU.Build.0 = Release|Any CPU
	EndGlobalSection
	GlobalSection(SolutionProperties) = preSolution
		HideSolutionNode = FALSE
	EndGlobalSection
	GlobalSection(ExtensibilityGlobals) = postSolution
		SolutionGuid = {CCC337F9-C5FB-41CF-8A80-67DF0C3269DD}
	EndGlobalSection
EndGlobal
