
Microsoft Visual Studio Solution File, Format Version 12.00
# Visual Studio Version 17
VisualStudioVersion = 17.2.32616.157
MinimumVisualStudioVersion = 10.0.40219.1
Project("{FAE04EC0-301F-11D3-BF4B-00C04F79EFBC}") = "Questao01", "Atividade02\Questao01.csproj", "{73688F6B-83F8-4A0C-8182-C6312F416F14}"
EndProject
Project("{FAE04EC0-301F-11D3-BF4B-00C04F79EFBC}") = "Questao02", "Questao02\Questao02.csproj", "{51117D47-FECD-4E95-A6F7-D6B1CF52E13C}"
EndProject
Project("{FAE04EC0-301F-11D3-BF4B-00C04F79EFBC}") = "Questao03", "Questao03\Questao03.csproj", "{47AA59E3-FBAA-497C-B6B7-42223C0C9F16}"
EndProject
Project("{FAE04EC0-301F-11D3-BF4B-00C04F79EFBC}") = "Questao04", "Questao04\Questao04.csproj", "{5C426E14-31F0-4991-9349-E2D7E716A327}"
EndProject
Project("{FAE04EC0-301F-11D3-BF4B-00C04F79EFBC}") = "Questao05", "Questao05\Questao05.csproj", "{605D6669-4707-414D-B8AF-603DCEFE218E}"
EndProject
Global
	GlobalSection(SolutionConfigurationPlatforms) = preSolution
		Debug|Any CPU = Debug|Any CPU
		Release|Any CPU = Release|Any CPU
	EndGlobalSection
	GlobalSection(ProjectConfigurationPlatforms) = postSolution
		{73688F6B-83F8-4A0C-8182-C6312F416F14}.Debug|Any CPU.ActiveCfg = Debug|Any CPU
		{73688F6B-83F8-4A0C-8182-C6312F416F14}.Debug|Any CPU.Build.0 = Debug|Any CPU
		{73688F6B-83F8-4A0C-8182-C6312F416F14}.Release|Any CPU.ActiveCfg = Release|Any CPU
		{73688F6B-83F8-4A0C-8182-C6312F416F14}.Release|Any CPU.Build.0 = Release|Any CPU
		{51117D47-FECD-4E95-A6F7-D6B1CF52E13C}.Debug|Any CPU.ActiveCfg = Debug|Any CPU
		{51117D47-FECD-4E95-A6F7-D6B1CF52E13C}.Debug|Any CPU.Build.0 = Debug|Any CPU
		{51117D47-FECD-4E95-A6F7-D6B1CF52E13C}.Release|Any CPU.ActiveCfg = Release|Any CPU
		{51117D47-FECD-4E95-A6F7-D6B1CF52E13C}.Release|Any CPU.Build.0 = Release|Any CPU
		{47AA59E3-FBAA-497C-B6B7-42223C0C9F16}.Debug|Any CPU.ActiveCfg = Debug|Any CPU
		{47AA59E3-FBAA-497C-B6B7-42223C0C9F16}.Debug|Any CPU.Build.0 = Debug|Any CPU
		{47AA59E3-FBAA-497C-B6B7-42223C0C9F16}.Release|Any CPU.ActiveCfg = Release|Any CPU
		{47AA59E3-FBAA-497C-B6B7-42223C0C9F16}.Release|Any CPU.Build.0 = Release|Any CPU
		{5C426E14-31F0-4991-9349-E2D7E716A327}.Debug|Any CPU.ActiveCfg = Debug|Any CPU
		{5C426E14-31F0-4991-9349-E2D7E716A327}.Debug|Any CPU.Build.0 = Debug|Any CPU
		{5C426E14-31F0-4991-9349-E2D7E716A327}.Release|Any CPU.ActiveCfg = Release|Any CPU
		{5C426E14-31F0-4991-9349-E2D7E716A327}.Release|Any CPU.Build.0 = Release|Any CPU
		{605D6669-4707-414D-B8AF-603DCEFE218E}.Debug|Any CPU.ActiveCfg = Debug|Any CPU
		{605D6669-4707-414D-B8AF-603DCEFE218E}.Debug|Any CPU.Build.0 = Debug|Any CPU
		{605D6669-4707-414D-B8AF-603DCEFE218E}.Release|Any CPU.ActiveCfg = Release|Any CPU
		{605D6669-4707-414D-B8AF-603DCEFE218E}.Release|Any CPU.Build.0 = Release|Any CPU
	EndGlobalSection
	GlobalSection(SolutionProperties) = preSolution
		HideSolutionNode = FALSE
	EndGlobalSection
	GlobalSection(ExtensibilityGlobals) = postSolution
		SolutionGuid = {1843209F-6036-47BD-833B-A86B5CA13AF1}
	EndGlobalSection
EndGlobal
